
Microsoft Visual Studio Solution File, Format Version 12.00
# Visual Studio Version 17
VisualStudioVersion = 17.9.34701.34
MinimumVisualStudioVersion = 10.0.40219.1
Project("{9A19103F-16F7-4668-BE54-9A1E7A4F7556}") = "KeyValuePairStore", "KeyValuePairStore\KeyValuePairStore.csproj", "{982FC670-DA82-43B5-B648-9AFF051AE5AA}"
EndProject
Project("{9A19103F-16F7-4668-BE54-9A1E7A4F7556}") = "KayValuePairStoreTests", "KeyValuePairStoreUnittest\KayValuePairStoreTests.csproj", "{D7E71028-4060-4C41-8B24-7317BB88CDE5}"
EndProject
Global
	GlobalSection(SolutionConfigurationPlatforms) = preSolution
		Debug|Any CPU = Debug|Any CPU
		Release|Any CPU = Release|Any CPU
	EndGlobalSection
	GlobalSection(ProjectConfigurationPlatforms) = postSolution
		{982FC670-DA82-43B5-B648-9AFF051AE5AA}.Debug|Any CPU.ActiveCfg = Debug|Any CPU
		{982FC670-DA82-43B5-B648-9AFF051AE5AA}.Debug|Any CPU.Build.0 = Debug|Any CPU
		{982FC670-DA82-43B5-B648-9AFF051AE5AA}.Release|Any CPU.ActiveCfg = Release|Any CPU
		{982FC670-DA82-43B5-B648-9AFF051AE5AA}.Release|Any CPU.Build.0 = Release|Any CPU
		{D7E71028-4060-4C41-8B24-7317BB88CDE5}.Debug|Any CPU.ActiveCfg = Debug|Any CPU
		{D7E71028-4060-4C41-8B24-7317BB88CDE5}.Debug|Any CPU.Build.0 = Debug|Any CPU
		{D7E71028-4060-4C41-8B24-7317BB88CDE5}.Release|Any CPU.ActiveCfg = Release|Any CPU
		{D7E71028-4060-4C41-8B24-7317BB88CDE5}.Release|Any CPU.Build.0 = Release|Any CPU
	EndGlobalSection
	GlobalSection(SolutionProperties) = preSolution
		HideSolutionNode = FALSE
	EndGlobalSection
	GlobalSection(ExtensibilityGlobals) = postSolution
		SolutionGuid = {1ECB16FD-6F02-46D6-85F9-DDEC9AAD482E}
	EndGlobalSection
EndGlobal
